
Microsoft Visual Studio Solution File, Format Version 12.00
# Visual Studio 14
VisualStudioVersion = 14.0.23107.0
MinimumVisualStudioVersion = 10.0.40219.1
Project("{FAE04EC0-301F-11D3-BF4B-00C04F79EFBC}") = "MyMemory-x64", "MyMemory-x64\MyMemory-x64.csproj", "{6DF1F135-87FB-4CEB-9A83-CA3CFB78FDCA}"
EndProject
Project("{FAE04EC0-301F-11D3-BF4B-00C04F79EFBC}") = "Tester", "Tester\Tester.csproj", "{5BD6343A-11BE-46E1-9DC5-1FDB8D13A943}"
EndProject
Global
	GlobalSection(SolutionConfigurationPlatforms) = preSolution
		Debug|x64 = Debug|x64
		Release|x64 = Release|x64
	EndGlobalSection
	GlobalSection(ProjectConfigurationPlatforms) = postSolution
		{6DF1F135-87FB-4CEB-9A83-CA3CFB78FDCA}.Debug|x64.ActiveCfg = Debug|x64
		{6DF1F135-87FB-4CEB-9A83-CA3CFB78FDCA}.Debug|x64.Build.0 = Debug|x64
		{6DF1F135-87FB-4CEB-9A83-CA3CFB78FDCA}.Release|x64.ActiveCfg = Release|x64
		{6DF1F135-87FB-4CEB-9A83-CA3CFB78FDCA}.Release|x64.Build.0 = Release|x64
		{5BD6343A-11BE-46E1-9DC5-1FDB8D13A943}.Debug|x64.ActiveCfg = Debug|x64
		{5BD6343A-11BE-46E1-9DC5-1FDB8D13A943}.Debug|x64.Build.0 = Debug|x64
		{5BD6343A-11BE-46E1-9DC5-1FDB8D13A943}.Release|x64.ActiveCfg = Release|x64
		{5BD6343A-11BE-46E1-9DC5-1FDB8D13A943}.Release|x64.Build.0 = Release|x64
	EndGlobalSection
	GlobalSection(SolutionProperties) = preSolution
		HideSolutionNode = FALSE
	EndGlobalSection
EndGlobal
